
Microsoft Visual Studio Solution File, Format Version 12.00
# Visual Studio Version 17
VisualStudioVersion = 17.2.32526.322
MinimumVisualStudioVersion = 10.0.40219.1
Project("{FAE04EC0-301F-11D3-BF4B-00C04F79EFBC}") = "Price.Calculator.Test", "Price.Calculator.Test\Price.Calculator.Test.csproj", "{68FF73EB-1F7C-41A0-B336-0D1E2DBE1FF2}"
EndProject
Project("{FAE04EC0-301F-11D3-BF4B-00C04F79EFBC}") = "Price.Calculator.Interfaces", "Price.Calculator.Interfaces\Price.Calculator.Interfaces.csproj", "{8EDE634C-C631-43B3-B970-02606618F0B4}"
EndProject
Project("{FAE04EC0-301F-11D3-BF4B-00C04F79EFBC}") = "Price.Calculator.Service", "Price.Calculator.Service\Price.Calculator.Service.csproj", "{D3BA5307-8BBC-4E50-B6E3-B335B65B9240}"
EndProject
Project("{2150E333-8FDC-42A3-9474-1A3956D46DE8}") = "解决方案项", "解决方案项", "{A92E37F6-F884-47C1-8635-5739DA01978D}"
	ProjectSection(SolutionItems) = preProject
		requirement.md = requirement.md
	EndProjectSection
EndProject
Project("{FAE04EC0-301F-11D3-BF4B-00C04F79EFBC}") = "Price.Calculator.Model", "Price.Calculator.Model\Price.Calculator.Model.csproj", "{345BB078-9020-4FA6-B9BB-88ADA7BEEB68}"
EndProject
Project("{FAE04EC0-301F-11D3-BF4B-00C04F79EFBC}") = "Price.Calculator.Common", "Price.Calculator.Common\Price.Calculator.Common.csproj", "{4B3A4EF4-A95B-4765-8BEA-3489CA9F9EFA}"
EndProject
Global
	GlobalSection(SolutionConfigurationPlatforms) = preSolution
		Debug|Any CPU = Debug|Any CPU
		Release|Any CPU = Release|Any CPU
	EndGlobalSection
	GlobalSection(ProjectConfigurationPlatforms) = postSolution
		{68FF73EB-1F7C-41A0-B336-0D1E2DBE1FF2}.Debug|Any CPU.ActiveCfg = Debug|Any CPU
		{68FF73EB-1F7C-41A0-B336-0D1E2DBE1FF2}.Debug|Any CPU.Build.0 = Debug|Any CPU
		{68FF73EB-1F7C-41A0-B336-0D1E2DBE1FF2}.Release|Any CPU.ActiveCfg = Release|Any CPU
		{68FF73EB-1F7C-41A0-B336-0D1E2DBE1FF2}.Release|Any CPU.Build.0 = Release|Any CPU
		{8EDE634C-C631-43B3-B970-02606618F0B4}.Debug|Any CPU.ActiveCfg = Debug|Any CPU
		{8EDE634C-C631-43B3-B970-02606618F0B4}.Debug|Any CPU.Build.0 = Debug|Any CPU
		{8EDE634C-C631-43B3-B970-02606618F0B4}.Release|Any CPU.ActiveCfg = Release|Any CPU
		{8EDE634C-C631-43B3-B970-02606618F0B4}.Release|Any CPU.Build.0 = Release|Any CPU
		{D3BA5307-8BBC-4E50-B6E3-B335B65B9240}.Debug|Any CPU.ActiveCfg = Debug|Any CPU
		{D3BA5307-8BBC-4E50-B6E3-B335B65B9240}.Debug|Any CPU.Build.0 = Debug|Any CPU
		{D3BA5307-8BBC-4E50-B6E3-B335B65B9240}.Release|Any CPU.ActiveCfg = Release|Any CPU
		{D3BA5307-8BBC-4E50-B6E3-B335B65B9240}.Release|Any CPU.Build.0 = Release|Any CPU
		{345BB078-9020-4FA6-B9BB-88ADA7BEEB68}.Debug|Any CPU.ActiveCfg = Debug|Any CPU
		{345BB078-9020-4FA6-B9BB-88ADA7BEEB68}.Debug|Any CPU.Build.0 = Debug|Any CPU
		{345BB078-9020-4FA6-B9BB-88ADA7BEEB68}.Release|Any CPU.ActiveCfg = Release|Any CPU
		{345BB078-9020-4FA6-B9BB-88ADA7BEEB68}.Release|Any CPU.Build.0 = Release|Any CPU
		{4B3A4EF4-A95B-4765-8BEA-3489CA9F9EFA}.Debug|Any CPU.ActiveCfg = Debug|Any CPU
		{4B3A4EF4-A95B-4765-8BEA-3489CA9F9EFA}.Debug|Any CPU.Build.0 = Debug|Any CPU
		{4B3A4EF4-A95B-4765-8BEA-3489CA9F9EFA}.Release|Any CPU.ActiveCfg = Release|Any CPU
		{4B3A4EF4-A95B-4765-8BEA-3489CA9F9EFA}.Release|Any CPU.Build.0 = Release|Any CPU
	EndGlobalSection
	GlobalSection(SolutionProperties) = preSolution
		HideSolutionNode = FALSE
	EndGlobalSection
	GlobalSection(ExtensibilityGlobals) = postSolution
		SolutionGuid = {20FFD969-1556-4494-BA93-BB1E2F4AF2D6}
	EndGlobalSection
EndGlobal
